{
    "_readme": [
        "This file locks the dependencies of your project to a known state",
        "Read more about it at https://getcomposer.org/doc/01-basic-usage.md#composer-lock-the-lock-file",
        "This file is @generated automatically"
    ],
    "content-hash": "52ceb6db948c976eb167a76495b5e287",
    "packages": [],
    "packages-dev": [
        {
            "name": "nelexa/zip",
            "version": "3.1.9",
            "source": {
                "type": "git",
                "url": "https://github.com/Ne-Lexa/php-zip.git",
                "reference": "c9871c9f805fe869150d9dacc6a1e7c2db2798fe"
            },
            "dist": {
                "type": "zip",
                "url": "https://api.github.com/repos/Ne-Lexa/php-zip/zipball/c9871c9f805fe869150d9dacc6a1e7c2db2798fe",
                "reference": "c9871c9f805fe869150d9dacc6a1e7c2db2798fe",
                "shasum": ""
            },
            "require": {
                "ext-zlib": "*",
                "php": "^5.5 || ^7.0",
                "psr/http-message": "^1.0"
            },
            "require-dev": {
                "phpunit/phpunit": "~4.8|~5.7",
                "zendframework/zend-diactoros": "^1.4"
            },
            "suggest": {
                "ext-bz2": "Needed to support BZIP2 compression",
                "ext-fileinfo": "Needed to get mime-type file",
                "ext-mcrypt": "Needed to support encrypt zip entries or use ext-openssl",
                "ext-openssl": "Needed to support encrypt zip entries or use ext-mcrypt"
            },
            "type": "library",
            "autoload": {
                "psr-4": {
                    "PhpZip\\": "src/PhpZip"
                }
            },
            "notification-url": "https://packagist.org/downloads/",
            "license": [
                "MIT"
            ],
            "authors": [
                {
                    "name": "Ne-Lexa",
                    "email": "alexey@nelexa.ru",
                    "role": "Developer"
                }
            ],
            "description": "PhpZip is a php-library for extended work with ZIP-archives. Open, create, update, delete, extract and get info tool. Supports appending to existing ZIP files, WinZip AES encryption, Traditional PKWARE Encryption, ZipAlign tool, BZIP2 compression, external file attributes and ZIP64 extensions. Alternative ZipArchive. It does not require php-zip extension.",
            "homepage": "https://github.com/Ne-Lexa/php-zip",
            "keywords": [
                "archive",
                "extract",
                "unzip",
                "winzip",
                "zip",
                "zipalign",
                "ziparchive"
            ],
            "time": "2018-11-02T12:15:08+00:00"
        },
        {
            "name": "psr/http-message",
            "version": "1.0.1",
            "source": {
                "type": "git",
                "url": "https://github.com/php-fig/http-message.git",
                "reference": "f6561bf28d520154e4b0ec72be95418abe6d9363"
            },
            "dist": {
                "type": "zip",
                "url": "https://api.github.com/repos/php-fig/http-message/zipball/f6561bf28d520154e4b0ec72be95418abe6d9363",
                "reference": "f6561bf28d520154e4b0ec72be95418abe6d9363",
                "shasum": ""
            },
            "require": {
                "php": ">=5.3.0"
            },
            "type": "library",
            "extra": {
                "branch-alias": {
                    "dev-master": "1.0.x-dev"
                }
            },
            "autoload": {
                "psr-4": {
                    "Psr\\Http\\Message\\": "src/"
                }
            },
            "notification-url": "https://packagist.org/downloads/",
            "license": [
                "MIT"
            ],
            "authors": [
                {
                    "name": "PHP-FIG",
                    "homepage": "http://www.php-fig.org/"
                }
            ],
            "description": "Common interface for HTTP messages",
            "homepage": "https://github.com/php-fig/http-message",
            "keywords": [
                "http",
                "http-message",
                "psr",
                "psr-7",
                "request",
                "response"
            ],
            "time": "2016-08-06T14:39:51+00:00"
        },
        {
            "name": "squizlabs/php_codesniffer",
            "version": "3.4.0",
            "source": {
                "type": "git",
                "url": "https://github.com/squizlabs/PHP_CodeSniffer.git",
                "reference": "379deb987e26c7cd103a7b387aea178baec96e48"
            },
            "dist": {
                "type": "zip",
                "url": "https://api.github.com/repos/squizlabs/PHP_CodeSniffer/zipball/379deb987e26c7cd103a7b387aea178baec96e48",
                "reference": "379deb987e26c7cd103a7b387aea178baec96e48",
                "shasum": ""
            },
            "require": {
                "ext-simplexml": "*",
                "ext-tokenizer": "*",
                "ext-xmlwriter": "*",
                "php": ">=5.4.0"
            },
            "require-dev": {
                "phpunit/phpunit": "^4.0 || ^5.0 || ^6.0 || ^7.0"
            },
            "bin": [
                "bin/phpcs",
                "bin/phpcbf"
            ],
            "type": "library",
            "extra": {
                "branch-alias": {
                    "dev-master": "3.x-dev"
                }
            },
            "notification-url": "https://packagist.org/downloads/",
            "license": [
                "BSD-3-Clause"
            ],
            "authors": [
                {
                    "name": "Greg Sherwood",
                    "role": "lead"
                }
            ],
            "description": "PHP_CodeSniffer tokenizes PHP, JavaScript and CSS files and detects violations of a defined set of coding standards.",
            "homepage": "http://www.squizlabs.com/php-codesniffer",
            "keywords": [
                "phpcs",
                "standards"
            ],
            "time": "2018-12-19T23:57:18+00:00"
        },
        {
            "name": "wp-coding-standards/wpcs",
            "version": "0.14.1",
            "source": {
                "type": "git",
                "url": "https://github.com/WordPress-Coding-Standards/WordPress-Coding-Standards.git",
                "reference": "cf6b310caad735816caef7573295f8a534374706"
            },
            "dist": {
                "type": "zip",
                "url": "https://api.github.com/repos/WordPress-Coding-Standards/WordPress-Coding-Standards/zipball/cf6b310caad735816caef7573295f8a534374706",
                "reference": "cf6b310caad735816caef7573295f8a534374706",
                "shasum": ""
            },
            "require": {
                "php": ">=5.3",
                "squizlabs/php_codesniffer": "^2.9.0 || ^3.0.2"
            },
            "suggest": {
                "dealerdirect/phpcodesniffer-composer-installer": "^0.4.3"
            },
            "type": "phpcodesniffer-standard",
            "notification-url": "https://packagist.org/downloads/",
            "license": [
                "MIT"
            ],
            "authors": [
                {
                    "name": "Contributors",
                    "homepage": "https://github.com/WordPress-Coding-Standards/WordPress-Coding-Standards/graphs/contributors"
                }
            ],
            "description": "PHP_CodeSniffer rules (sniffs) to enforce WordPress coding conventions",
            "keywords": [
                "phpcs",
                "standards",
                "wordpress"
            ],
            "time": "2018-02-16T01:57:48+00:00"
        }
    ],
    "aliases": [],
    "minimum-stability": "stable",
    "stability-flags": [],
    "prefer-stable": false,
    "prefer-lowest": false,
    "platform": {
        "php": ">=5.2.4"
    },
    "platform-dev": []
}
